PODS:
  - Action (3.9.1):
    - RxCocoa (~> 4.3)
    - RxSwift (~> 4.3)
  - Alamofire (4.8.1)
  - Differentiator (3.1.0)
  - ObjectMapper (3.4.2)
  - Reveal-SDK (20)
  - RxAtomic (4.4.0)
  - RxCocoa (4.4.0):
    - RxSwift (~> 4.0)
  - RxDataSources (3.1.0):
    - Differentiator (~> 3.0)
    - RxCocoa (~> 4.0)
    - RxSwift (~> 4.0)
  - RxFlow (2.0.0):
    - RxCocoa (>= 4.4.0)
    - RxSwift (>= 4.4.0)
  - RxOptional (3.6.2):
    - RxCocoa (~> 4.0)
    - RxSwift (~> 4.0)
  - RxSwift (4.4.0):
    - RxAtomic (~> 4.4)
  - SnapKit (4.2.0)
  - SwiftLint (0.30.1)
  - Swinject (2.5.0)

DEPENDENCIES:
  - Action
  - Alamofire
  - ObjectMapper
  - Reveal-SDK
  - RxCocoa (~> 4.0)
  - RxDataSources
  - RxFlow
  - RxOptional
  - RxSwift (~> 4.0)
  - SnapKit
  - SwiftLint
  - Swinject

SPEC REPOS:
  https://github.com/cocoapods/specs.git:
    - Action
    - Alamofire
    - Differentiator
    - ObjectMapper
    - Reveal-SDK
    - RxAtomic
    - RxCocoa
    - RxDataSources
    - RxFlow
    - RxOptional
    - RxSwift
    - SnapKit
    - SwiftLint
    - Swinject

SPEC CHECKSUMS:
  Action: 2f461c203c480b17aa99b3bb166e4329ecff6908
  Alamofire: 16ce2c353fb72865124ddae8a57c5942388f4f11
  Differentiator: be49ca3408f0ecfc761e4c7763d20c62be01b9ad
  ObjectMapper: 0d4402610f4e468903ae64629eec4784531e5c51
  Reveal-SDK: 43206a57f575632fd304e85385cc259b5d359e32
  RxAtomic: eacf60db868c96bfd63320e28619fe29c179656f
  RxCocoa: df63ebf7b9a70d6b4eeea407ed5dd4efc8979749
  RxDataSources: a843bad90c29817f5923ec8163f4af2de084ceb3
  RxFlow: f0212025e3747431b3be09c6be04bfde0a3bf5a4
  RxOptional: 80426a0ddbd092573e4c482d8cc13302078c4d5e
  RxSwift: 5976ecd04fc2fefd648827c23de5e11157faa973
  SnapKit: fe8a619752f3f27075cc9a90244d75c6c3f27e2a
  SwiftLint: a54bf1fe12b55c68560eb2a7689dfc81458508f7
  Swinject: 82cdb851f63f91bba974e3eca1d69780f2f7677e

PODFILE CHECKSUM: 2bcb1537fae09517db58e96693f9a00c72a6c3c3

COCOAPODS: 1.5.2
